
Microsoft Visual Studio Solution File, Format Version 12.00
# Visual Studio Version 16
VisualStudioVersion = 16.0.31205.134
MinimumVisualStudioVersion = 10.0.40219.1
Project("{9A19103F-16F7-4668-BE54-9A1E7A4F7556}") = "LudoAPI", "LudoAPI\LudoAPI.csproj", "{B9964042-AFFB-45A5-B50A-87786CD049DF}"
EndProject
Project("{9A19103F-16F7-4668-BE54-9A1E7A4F7556}") = "LudoGame", "LudoGame\LudoGame.csproj", "{6EE26AF5-5EE4-41B1-8F7B-36848B379805}"
EndProject
Project("{9A19103F-16F7-4668-BE54-9A1E7A4F7556}") = "LudoTranslation", "LudoTranslation\LudoTranslation.csproj", "{7D29E7B1-51C9-47AE-882C-A3A70303F246}"
EndProject
Project("{9A19103F-16F7-4668-BE54-9A1E7A4F7556}") = "LudoGameTest", "LudoGameTest\LudoGameTest.csproj", "{8B726E03-2B9B-4FED-917E-A0B0B42D11F4}"
EndProject
Project("{9A19103F-16F7-4668-BE54-9A1E7A4F7556}") = "LudoWeb", "LudoWeb\LudoWeb.csproj", "{E9C5A14D-3CBA-4FEE-9569-76BF21620E41}"
EndProject
Project("{9A19103F-16F7-4668-BE54-9A1E7A4F7556}") = "LudoDataAccess", "LudoDataAccess\LudoDataAccess.csproj", "{413DDA97-0076-4B31-B6E3-B7E58FC46391}"
EndProject
Project("{FAE04EC0-301F-11D3-BF4B-00C04F79EFBC}") = "LudoWebTests", "LudoWebTests\LudoWebTests.csproj", "{97204ADC-EF52-46BE-B327-44EA8E3A56BF}"
EndProject
Global
	GlobalSection(SolutionConfigurationPlatforms) = preSolution
		Debug|Any CPU = Debug|Any CPU
		Release|Any CPU = Release|Any CPU
	EndGlobalSection
	GlobalSection(ProjectConfigurationPlatforms) = postSolution
		{B9964042-AFFB-45A5-B50A-87786CD049DF}.Debug|Any CPU.ActiveCfg = Debug|Any CPU
		{B9964042-AFFB-45A5-B50A-87786CD049DF}.Release|Any CPU.ActiveCfg = Release|Any CPU
		{B9964042-AFFB-45A5-B50A-87786CD049DF}.Release|Any CPU.Build.0 = Release|Any CPU
		{6EE26AF5-5EE4-41B1-8F7B-36848B379805}.Debug|Any CPU.ActiveCfg = Debug|Any CPU
		{6EE26AF5-5EE4-41B1-8F7B-36848B379805}.Debug|Any CPU.Build.0 = Debug|Any CPU
		{6EE26AF5-5EE4-41B1-8F7B-36848B379805}.Release|Any CPU.ActiveCfg = Release|Any CPU
		{6EE26AF5-5EE4-41B1-8F7B-36848B379805}.Release|Any CPU.Build.0 = Release|Any CPU
		{7D29E7B1-51C9-47AE-882C-A3A70303F246}.Debug|Any CPU.ActiveCfg = Debug|Any CPU
		{7D29E7B1-51C9-47AE-882C-A3A70303F246}.Debug|Any CPU.Build.0 = Debug|Any CPU
		{7D29E7B1-51C9-47AE-882C-A3A70303F246}.Release|Any CPU.ActiveCfg = Release|Any CPU
		{7D29E7B1-51C9-47AE-882C-A3A70303F246}.Release|Any CPU.Build.0 = Release|Any CPU
		{8B726E03-2B9B-4FED-917E-A0B0B42D11F4}.Debug|Any CPU.ActiveCfg = Debug|Any CPU
		{8B726E03-2B9B-4FED-917E-A0B0B42D11F4}.Debug|Any CPU.Build.0 = Debug|Any CPU
		{8B726E03-2B9B-4FED-917E-A0B0B42D11F4}.Release|Any CPU.ActiveCfg = Release|Any CPU
		{8B726E03-2B9B-4FED-917E-A0B0B42D11F4}.Release|Any CPU.Build.0 = Release|Any CPU
		{E9C5A14D-3CBA-4FEE-9569-76BF21620E41}.Debug|Any CPU.ActiveCfg = Debug|Any CPU
		{E9C5A14D-3CBA-4FEE-9569-76BF21620E41}.Debug|Any CPU.Build.0 = Debug|Any CPU
		{E9C5A14D-3CBA-4FEE-9569-76BF21620E41}.Release|Any CPU.ActiveCfg = Release|Any CPU
		{E9C5A14D-3CBA-4FEE-9569-76BF21620E41}.Release|Any CPU.Build.0 = Release|Any CPU
		{413DDA97-0076-4B31-B6E3-B7E58FC46391}.Debug|Any CPU.ActiveCfg = Debug|Any CPU
		{413DDA97-0076-4B31-B6E3-B7E58FC46391}.Debug|Any CPU.Build.0 = Debug|Any CPU
		{413DDA97-0076-4B31-B6E3-B7E58FC46391}.Release|Any CPU.ActiveCfg = Release|Any CPU
		{413DDA97-0076-4B31-B6E3-B7E58FC46391}.Release|Any CPU.Build.0 = Release|Any CPU
		{97204ADC-EF52-46BE-B327-44EA8E3A56BF}.Debug|Any CPU.ActiveCfg = Debug|Any CPU
		{97204ADC-EF52-46BE-B327-44EA8E3A56BF}.Debug|Any CPU.Build.0 = Debug|Any CPU
		{97204ADC-EF52-46BE-B327-44EA8E3A56BF}.Release|Any CPU.ActiveCfg = Release|Any CPU
		{97204ADC-EF52-46BE-B327-44EA8E3A56BF}.Release|Any CPU.Build.0 = Release|Any CPU
	EndGlobalSection
	GlobalSection(SolutionProperties) = preSolution
		HideSolutionNode = FALSE
	EndGlobalSection
	GlobalSection(ExtensibilityGlobals) = postSolution
		SolutionGuid = {204E39A1-8C98-4D07-86DE-166EE75E9483}
	EndGlobalSection
EndGlobal
